
Microsoft Visual Studio Solution File, Format Version 12.00
# Visual Studio 2013
VisualStudioVersion = 12.0.40629.0
MinimumVisualStudioVersion = 10.0.40219.1
Project("{2150E333-8FDC-42A3-9474-1A3956D46DE8}") = "Application", "Application", "{422D180D-25C4-46E2-95EA-85051FD8C980}"
EndProject
Project("{FAE04EC0-301F-11D3-BF4B-00C04F79EFBC}") = "MailTester", "src\MailTester\MailTester.csproj", "{97E61D13-1189-495C-A390-B784C1103826}"
EndProject
Global
	GlobalSection(SolutionConfigurationPlatforms) = preSolution
		Debug|Any CPU = Debug|Any CPU
		Release|Any CPU = Release|Any CPU
	EndGlobalSection
	GlobalSection(ProjectConfigurationPlatforms) = postSolution
		{97E61D13-1189-495C-A390-B784C1103826}.Debug|Any CPU.ActiveCfg = Debug|Any CPU
		{97E61D13-1189-495C-A390-B784C1103826}.Debug|Any CPU.Build.0 = Debug|Any CPU
		{97E61D13-1189-495C-A390-B784C1103826}.Release|Any CPU.ActiveCfg = Release|Any CPU
		{97E61D13-1189-495C-A390-B784C1103826}.Release|Any CPU.Build.0 = Release|Any CPU
	EndGlobalSection
	GlobalSection(SolutionProperties) = preSolution
		HideSolutionNode = FALSE
	EndGlobalSection
	GlobalSection(NestedProjects) = preSolution
		{97E61D13-1189-495C-A390-B784C1103826} = {422D180D-25C4-46E2-95EA-85051FD8C980}
	EndGlobalSection
EndGlobal
